// !$*UTF8*$!
{
	archiveVersion = 1;
	classes = {
	};
	objectVersion = 46;
	objects = {

/* Begin PBXBuildFile section */
		04CCA8F61D2DC2A200709750 /* main.m in Sources */ = {isa = PBXBuildFile; fileRef = 04CCA8F51D2DC2A200709750 /* main.m */; };
		04CCA8F91D2DC2A200709750 /* AppDelegate.m in Sources */ = {isa = PBXBuildFile; fileRef = 04CCA8F81D2DC2A200709750 /* AppDelegate.m */; };
		04CCA8FC1D2DC2A200709750 /* ViewController.m in Sources */ = {isa = PBXBuildFile; fileRef = 04CCA8FB1D2DC2A200709750 /* ViewController.m */; };
		04CCA8FF1D2DC2A200709750 /* Main.storyboard in Resources */ = {isa = PBXBuildFile; fileRef = 04CCA8FD1D2DC2A200709750 /* Main.storyboard */; };
		04CCA9011D2DC2A200709750 /* Assets.xcassets in Resources */ = {isa = PBXBuildFile; fileRef = 04CCA9001D2DC2A200709750 /* Assets.xcassets */; };
		04CCA9041D2DC2A200709750 /* LaunchScreen.storyboard in Resources */ = {isa = PBXBuildFile; fileRef = 04CCA9021D2DC2A200709750 /* LaunchScreen.storyboard */; };
		04CCA90D1D2DC75300709750 /* NSString+SandBox.m in Sources */ = {isa = PBXBuildFile; fileRef = 04CCA90C1D2DC75300709750 /* NSString+SandBox.m */; };
		04CCA9101D2DCA5800709750 /* DownloadOperation.m in Sources */ = {isa = PBXBuildFile; fileRef = 04CCA90F1D2DCA5800709750 /* DownloadOperation.m */; };
/* End PBXBuildFile section */

/* Begin PBXFileReference section */
		04CCA8F11D2DC2A200709750 /* DownloadOperation.app */ = {isa = PBXFileReference; explicitFileType = wrapper.application; includeInIndex = 0; path = DownloadOperation.app; sourceTree = BUILT_PRODUCTS_DIR; };
		04CCA8F51D2DC2A200709750 /* main.m */ = {isa = PBXFileReference; lastKnownFileType = sourcecode.c.objc; path = main.m; sourceTree = "<group>"; };
		04CCA8F71D2DC2A200709750 /* AppDelegate.h */ = {isa = PBXFileReference; lastKnownFileType = sourcecode.c.h; path = AppDelegate.h; sourceTree = "<group>"; };
		04CCA8F81D2DC2A200709750 /* AppDelegate.m */ = {isa = PBXFileReference; lastKnownFileType = sourcecode.c.objc; path = AppDelegate.m; sourceTree = "<group>"; };
		04CCA8FA1D2DC2A200709750 /* ViewController.h */ = {isa = PBXFileReference; lastKnownFileType = sourcecode.c.h; path = ViewController.h; sourceTree = "<group>"; };
		04CCA8FB1D2DC2A200709750 /* ViewController.m */ = {isa = PBXFileReference; lastKnownFileType = sourcecode.c.objc; path = ViewController.m; sourceTree = "<group>"; };
		04CCA8FE1D2DC2A200709750 /* Base */ = {isa = PBXFileReference; lastKnownFileType = file.storyboard; name = Base; path = Base.lproj/Main.storyboard; sourceTree = "<group>"; };
		04CCA9001D2DC2A200709750 /* Assets.xcassets */ = {isa = PBXFileReference; lastKnownFileType = folder.assetcatalog; path = Assets.xcassets; sourceTree = "<group>"; };
		04CCA9031D2DC2A200709750 /* Base */ = {isa = PBXFileReference; lastKnownFileType = file.storyboard; name = Base; path = Base.lproj/LaunchScreen.storyboard; sourceTree = "<group>"; };
		04CCA9051D2DC2A200709750 /* Info.plist */ = {isa = PBXFileReference; lastKnownFileType = text.plist.xml; path = Info.plist; sourceTree = "<group>"; };
		04CCA90B1D2DC75300709750 /* NSString+SandBox.h */ = {isa = PBXFileReference; fileEncoding = 4; lastKnownFileType = sourcecode.c.h; path = "NSString+SandBox.h"; sourceTree = "<group>"; };
		04CCA90C1D2DC75300709750 /* NSString+SandBox.m */ = {isa = PBXFileReference; fileEncoding = 4; lastKnownFileType = sourcecode.c.objc; path = "NSString+SandBox.m"; sourceTree = "<group>"; };
		04CCA90E1D2DCA5800709750 /* DownloadOperation.h */ = {isa = PBXFileReference; fileEncoding = 4; lastKnownFileType = sourcecode.c.h; path = DownloadOperation.h; sourceTree = "<group>"; };
		04CCA90F1D2DCA5800709750 /* DownloadOperation.m */ = {isa = PBXFileReference; fileEncoding = 4; lastKnownFileType = sourcecode.c.objc; path = DownloadOperation.m; sourceTree = "<group>"; };
/* End PBXFileReference section */

/* Begin PBXFrameworksBuildPhase section */
		04CCA8EE1D2DC2A200709750 /* Frameworks */ = {
			isa = PBXFrameworksBuildPhase;
			buildActionMask = 2147483647;
			files = (
			);
			runOnlyForDeploymentPostprocessing = 0;
		};
/* End PBXFrameworksBuildPhase section */

/* Begin PBXGroup section */
		04CCA8E81D2DC2A200709750 = {
			isa = PBXGroup;
			children = (
				04CCA8F31D2DC2A200709750 /* DownloadOperation */,
				04CCA8F21D2DC2A200709750 /* Products */,
			);
			sourceTree = "<group>";
		};
		04CCA8F21D2DC2A200709750 /* Products */ = {
			isa = PBXGroup;
			children = (
				04CCA8F11D2DC2A200709750 /* DownloadOperation.app */,
			);
			name = Products;
			sourceTree = "<group>";
		};
		04CCA8F31D2DC2A200709750 /* DownloadOperation */ = {
			isa = PBXGroup;
			children = (
				04CCA8F71D2DC2A200709750 /* AppDelegate.h */,
				04CCA8F81D2DC2A200709750 /* AppDelegate.m */,
				04CCA90B1D2DC75300709750 /* NSString+SandBox.h */,
				04CCA90C1D2DC75300709750 /* NSString+SandBox.m */,
				04CCA8FA1D2DC2A200709750 /* ViewController.h */,
				04CCA8FB1D2DC2A200709750 /* ViewController.m */,
				04CCA90E1D2DCA5800709750 /* DownloadOperation.h */,
				04CCA90F1D2DCA5800709750 /* DownloadOperation.m */,
				04CCA8FD1D2DC2A200709750 /* Main.storyboard */,
				04CCA9001D2DC2A200709750 /* Assets.xcassets */,
				04CCA9021D2DC2A200709750 /* LaunchScreen.storyboard */,
				04CCA9051D2DC2A200709750 /* Info.plist */,
				04CCA8F41D2DC2A200709750 /* Supporting Files */,
			);
			path = DownloadOperation;
			sourceTree = "<group>";
		};
		04CCA8F41D2DC2A200709750 /* Supporting Files */ = {
			isa = PBXGroup;
			children = (
				04CCA8F51D2DC2A200709750 /* main.m */,
			);
			name = "Supporting Files";
			sourceTree = "<group>";
		};
/* End PBXGroup section */

/* Begin PBXNativeTarget section */
		04CCA8F01D2DC2A200709750 /* DownloadOperation */ = {
			isa = PBXNativeTarget;
			buildConfigurationList = 04CCA9081D2DC2A200709750 /* Build configuration list for PBXNativeTarget "DownloadOperation" */;
			buildPhases = (
				04CCA8ED1D2DC2A200709750 /* Sources */,
				04CCA8EE1D2DC2A200709750 /* Frameworks */,
				04CCA8EF1D2DC2A200709750 /* Resources */,
			);
			buildRules = (
			);
			dependencies = (
			);
			name = DownloadOperation;
			productName = DownloadOperation;
			productReference = 04CCA8F11D2DC2A200709750 /* DownloadOperation.app */;
			productType = "com.apple.product-type.application";
		};
/* End PBXNativeTarget section */

/* Begin PBXProject section */
		04CCA8E91D2DC2A200709750 /* Project object */ = {
			isa = PBXProject;
			attributes = {
				LastUpgradeCheck = 0710;
				ORGANIZATIONNAME = itcast;
				TargetAttributes = {
					04CCA8F01D2DC2A200709750 = {
						CreatedOnToolsVersion = 7.1;
					};
				};
			};
			buildConfigurationList = 04CCA8EC1D2DC2A200709750 /* Build configuration list for PBXProject "DownloadOperation" */;
			compatibilityVersion = "Xcode 3.2";
			developmentRegion = English;
			hasScannedForEncodings = 0;
			knownRegions = (
				en,
				Base,
			);
			mainGroup = 04CCA8E81D2DC2A200709750;
			productRefGroup = 04CCA8F21D2DC2A200709750 /* Products */;
			projectDirPath = "";
			projectRoot = "";
			targets = (
				04CCA8F01D2DC2A200709750 /* DownloadOperation */,
			);
		};
/* End PBXProject section */

/* Begin PBXResourcesBuildPhase section */
		04CCA8EF1D2DC2A200709750 /* Resources */ = {
			isa = PBXResourcesBuildPhase;
			buildActionMask = 2147483647;
			files = (
				04CCA9041D2DC2A200709750 /* LaunchScreen.storyboard in Resources */,
				04CCA9011D2DC2A200709750 /* Assets.xcassets in Resources */,
				04CCA8FF1D2DC2A200709750 /* Main.storyboard in Resources */,
			);
			runOnlyForDeploymentPostprocessing = 0;
		};
/* End PBXResourcesBuildPhase section */

/* Begin PBXSourcesBuildPhase section */
		04CCA8ED1D2DC2A200709750 /* Sources */ = {
			isa = PBXSourcesBuildPhase;
			buildActionMask = 2147483647;
			files = (
				04CCA8FC1D2DC2A200709750 /* ViewController.m in Sources */,
				04CCA9101D2DCA5800709750 /* DownloadOperation.m in Sources */,
				04CCA8F91D2DC2A200709750 /* AppDelegate.m in Sources */,
				04CCA8F61D2DC2A200709750 /* main.m in Sources */,
				04CCA90D1D2DC75300709750 /* NSString+SandBox.m in Sources */,
			);
			runOnlyForDeploymentPostprocessing = 0;
		};
/* End PBXSourcesBuildPhase section */

/* Begin PBXVariantGroup section */
		04CCA8FD1D2DC2A200709750 /* Main.storyboard */ = {
			isa = PBXVariantGroup;
			children = (
				04CCA8FE1D2DC2A200709750 /* Base */,
			);
			name = Main.storyboard;
			sourceTree = "<group>";
		};
		04CCA9021D2DC2A200709750 /* LaunchScreen.storyboard */ = {
			isa = PBXVariantGroup;
			children = (
				04CCA9031D2DC2A200709750 /* Base */,
			);
			name = LaunchScreen.storyboard;
			sourceTree = "<group>";
		};
/* End PBXVariantGroup section */

/* Begin XCBuildConfiguration section */
		04CCA9061D2DC2A200709750 /* Debug */ = {
			isa = XCBuildConfiguration;
			buildSettings = {
				ALWAYS_SEARCH_USER_PATHS = NO;
				CLANG_CXX_LANGUAGE_STANDARD = "gnu++0x";
				CLANG_CXX_LIBRARY = "libc++";
				CLANG_ENABLE_MODULES = YES;
				CLANG_ENABLE_OBJC_ARC = YES;
				CLANG_WARN_BOOL_CONVERSION = YES;
				CLANG_WARN_CONSTANT_CONVERSION = YES;
				CLANG_WARN_DIRECT_OBJC_ISA_USAGE = YES_ERROR;
				CLANG_WARN_EMPTY_BODY = YES;
				CLANG_WARN_ENUM_CONVERSION = YES;
				CLANG_WARN_INT_CONVERSION = YES;
				CLANG_WARN_OBJC_ROOT_CLASS = YES_ERROR;
				CLANG_WARN_UNREACHABLE_CODE = YES;
				CLANG_WARN__DUPLICATE_METHOD_MATCH = YES;
				"CODE_SIGN_IDENTITY[sdk=iphoneos*]" = "iPhone Developer";
				COPY_PHASE_STRIP = NO;
				DEBUG_INFORMATION_FORMAT = dwarf;
				ENABLE_STRICT_OBJC_MSGSEND = YES;
				ENABLE_TESTABILITY = YES;
				GCC_C_LANGUAGE_STANDARD = gnu99;
				GCC_DYNAMIC_NO_PIC = NO;
				GCC_NO_COMMON_BLOCKS = YES;
				GCC_OPTIMIZATION_LEVEL = 0;
				GCC_PREPROCESSOR_DEFINITIONS = (
					"DEBUG=1",
					"$(inherited)",
				);
				GCC_WARN_64_TO_32_BIT_CONVERSION = YES;
				GCC_WARN_ABOUT_RETURN_TYPE = YES_ERROR;
				GCC_WARN_UNDECLARED_SELECTOR = YES;
				GCC_WARN_UNINITIALIZED_AUTOS = YES_AGGRESSIVE;
				GCC_WARN_UNUSED_FUNCTION = YES;
				GCC_WARN_UNUSED_VARIABLE = YES;
				IPHONEOS_DEPLOYMENT_TARGET = 9.1;
				MTL_ENABLE_DEBUG_INFO = YES;
				ONLY_ACTIVE_ARCH = YES;
				SDKROOT = iphoneos;
				TARGETED_DEVICE_FAMILY = "1,2";
			};
			name = Debug;
		};
		04CCA9071D2DC2A200709750 /* Release */ = {
			isa = XCBuildConfiguration;
			buildSettings = {
				ALWAYS_SEARCH_USER_PATHS = NO;
				CLANG_CXX_LANGUAGE_STANDARD = "gnu++0x";
				CLANG_CXX_LIBRARY = "libc++";
				CLANG_ENABLE_MODULES = YES;
				CLANG_ENABLE_OBJC_ARC = YES;
				CLANG_WARN_BOOL_CONVERSION = YES;
				CLANG_WARN_CONSTANT_CONVERSION = YES;
				CLANG_WARN_DIRECT_OBJC_ISA_USAGE = YES_ERROR;
				CLANG_WARN_EMPTY_BODY = YES;
				CLANG_WARN_ENUM_CONVERSION = YES;
				CLANG_WARN_INT_CONVERSION = YES;
				CLANG_WARN_OBJC_ROOT_CLASS = YES_ERROR;
				CLANG_WARN_UNREACHABLE_CODE = YES;
				CLANG_WARN__DUPLICATE_METHOD_MATCH = YES;
				"CODE_SIGN_IDENTITY[sdk=iphoneos*]" = "iPhone Developer";
				COPY_PHASE_STRIP = NO;
				DEBUG_INFORMATION_FORMAT = "dwarf-with-dsym";
				ENABLE_NS_ASSERTIONS = NO;
				ENABLE_STRICT_OBJC_MSGSEND = YES;
				GCC_C_LANGUAGE_STANDARD = gnu99;
				GCC_NO_COMMON_BLOCKS = YES;
				GCC_WARN_64_TO_32_BIT_CONVERSION = YES;
				GCC_WARN_ABOUT_RETURN_TYPE = YES_ERROR;
				GCC_WARN_UNDECLARED_SELECTOR = YES;
				GCC_WARN_UNINITIALIZED_AUTOS = YES_AGGRESSIVE;
				GCC_WARN_UNUSED_FUNCTION = YES;
				GCC_WARN_UNUSED_VARIABLE = YES;
				IPHONEOS_DEPLOYMENT_TARGET = 9.1;
				MTL_ENABLE_DEBUG_INFO = NO;
				SDKROOT = iphoneos;
				TARGETED_DEVICE_FAMILY = "1,2";
				VALIDATE_PRODUCT = YES;
			};
			name = Release;
		};
		04CCA9091D2DC2A200709750 /* Debug */ = {
			isa = XCBuildConfiguration;
			buildSettings = {
				ASSETCATALOG_COMPILER_APPICON_NAME = AppIcon;
				INFOPLIST_FILE = DownloadOperation/Info.plist;
				LD_RUNPATH_SEARCH_PATHS = "$(inherited) @executable_path/Frameworks";
				PRODUCT_BUNDLE_IDENTIFIER = cn.itcast.DownloadOperation;
				PRODUCT_NAME = "$(TARGET_NAME)";
			};
			name = Debug;
		};
		04CCA90A1D2DC2A200709750 /* Release */ = {
			isa = XCBuildConfiguration;
			buildSettings = {
				ASSETCATALOG_COMPILER_APPICON_NAME = AppIcon;
				INFOPLIST_FILE = DownloadOperation/Info.plist;
				LD_RUNPATH_SEARCH_PATHS = "$(inherited) @executable_path/Frameworks";
				PRODUCT_BUNDLE_IDENTIFIER = cn.itcast.DownloadOperation;
				PRODUCT_NAME = "$(TARGET_NAME)";
			};
			name = Release;
		};
/* End XCBuildConfiguration section */

/* Begin XCConfigurationList section */
		04CCA8EC1D2DC2A200709750 /* Build configuration list for PBXProject "DownloadOperation" */ = {
			isa = XCConfigurationList;
			buildConfigurations = (
				04CCA9061D2DC2A200709750 /* Debug */,
				04CCA9071D2DC2A200709750 /* Release */,
			);
			defaultConfigurationIsVisible = 0;
			defaultConfigurationName = Release;
		};
		04CCA9081D2DC2A200709750 /* Build configuration list for PBXNativeTarget "DownloadOperation" */ = {
			isa = XCConfigurationList;
			buildConfigurations = (
				04CCA9091D2DC2A200709750 /* Debug */,
				04CCA90A1D2DC2A200709750 /* Release */,
			);
			defaultConfigurationIsVisible = 0;
		};
/* End XCConfigurationList section */
	};
	rootObject = 04CCA8E91D2DC2A200709750 /* Project object */;
}
